{
  "nodes": {
    "home-manager": {
      "inputs": {
        "nixpkgs": [
          "nixpkgs"
        ]
      },
      "locked": {
        "lastModified": 1788355065,
        "narHash": "sha256-gAz5oTI7ur34CfuakQduiQd/2ZhO62Bn2XXg08nZYYQ=",
        "owner": "nix-community",
        "repo": "home-manager",
        "rev": "d9d750e4fc11c10cab2da677bdd31e427f3a3a71",
        "type": "github"
      },
      "original": {
        "owner": "nix-community",
        "repo": "home-manager",
        "type": "github"
      }
    },
    "nixpkgs": {
      "locked": {
        "lastModified": 1788179007,
        "narHash": "sha256-hn1oU2rue2SYK8dAr8+WNZWtbsz1S2W5mnHlSEuh3bo=",
        "owner": "NixOS",
        "repo": "nixpkgs",
        "rev": "34ab99075ac4f7e40cf037eef32cb1c360bb85e9",
        "type": "github"
      },
      "original": {
        "owner": "NixOS",
        "ref": "nixos-unstable",
        "repo": "nixpkgs",
        "type": "github"
      }
    },
    "obsidian-extensions": {
      "inputs": {
        "nixpkgs": [
          "nixpkgs"
        ],
        "treefmt-nix": "treefmt-nix"
      },
      "locked": {
        "lastModified": 1788340380,
        "narHash": "sha256-rTHxSxaAJwlIpgRAr+xrMPtG1xVm82EXK7TLo61m0KM=",
        "owner": "karaolidis",
        "repo": "nix-obsidian-extensions",
        "rev": "8ea4685f83bac69eb3dbe0bf09e256a5446ca4a9",
        "type": "github"
      },
      "original": {
        "owner": "karaolidis",
        "repo": "nix-obsidian-extensions",
        "type": "github"
      }
    },
    "root": {
      "inputs": {
        "home-manager": "home-manager",
        "nixpkgs": "nixpkgs",
        "obsidian-extensions": "obsidian-extensions",
        "zen-browser": "zen-browser"
      }
    },
    "treefmt-nix": {
      "inputs": {
        "nixpkgs": [
          "obsidian-extensions",
          "nixpkgs"
        ]
      },
      "locked": {
        "lastModified": 1785360170,
        "narHash": "sha256-XE1lKgQ3eIO3E7zWryqcRsax+mYXod/5RHBn4YaR9YE=",
        "owner": "numtide",
        "repo": "treefmt-nix",
        "rev": "d1187f8bc71fb8aab02395869ec3f5c1920f75c0",
        "type": "github"
      },
      "original": {
        "owner": "numtide",
        "repo": "treefmt-nix",
        "type": "github"
      }
    },
    "zen-browser": {
      "inputs": {
        "nixpkgs": [
          "nixpkgs"
        ]
      },
      "locked": {
        "lastModified": 1788083005,
        "narHash": "sha256-e6U3sXUlu/QzZyJp/+ymW8s57Jbdb7bwT9+WaTAhHfQ=",
        "owner": "youwen5",
        "repo": "zen-browser-flake",
        "rev": "afbbbef7c3c00f160f4a9dfdd8c6c6b8b089a33f",
        "type": "github"
      },
      "original": {
        "owner": "youwen5",
        "repo": "zen-browser-flake",
        "type": "github"
      }
    }
  },
  "root": "root",
  "version": 7
}
